
Microsoft Visual Studio Solution File, Format Version 12.00
# Visual Studio 15
VisualStudioVersion = 15.0.27428.2027
MinimumVisualStudioVersion = 10.0.40219.1
Project("{FAE04EC0-301F-11D3-BF4B-00C04F79EFBC}") = "StatIce", "StatIce\StatIce.csproj", "{EBF0B7CC-9454-465B-AA81-6C9C003FDABA}"
EndProject
Global
	GlobalSection(SolutionConfigurationPlatforms) = preSolution
		Debug|Any CPU = Debug|Any CPU
		Release|Any CPU = Release|Any CPU
	EndGlobalSection
	GlobalSection(ProjectConfigurationPlatforms) = postSolution
		{EBF0B7CC-9454-465B-AA81-6C9C003FDABA}.Debug|Any CPU.ActiveCfg = Debug|Any CPU
		{EBF0B7CC-9454-465B-AA81-6C9C003FDABA}.Debug|Any CPU.Build.0 = Debug|Any CPU
		{EBF0B7CC-9454-465B-AA81-6C9C003FDABA}.Release|Any CPU.ActiveCfg = Release|Any CPU
		{EBF0B7CC-9454-465B-AA81-6C9C003FDABA}.Release|Any CPU.Build.0 = Release|Any CPU
	EndGlobalSection
	GlobalSection(SolutionProperties) = preSolution
		HideSolutionNode = FALSE
	EndGlobalSection
	GlobalSection(ExtensibilityGlobals) = postSolution
		SolutionGuid = {95AC84A7-EB31-404E-821A-66A7C682DB8C}
	EndGlobalSection
EndGlobal
